
Microsoft Visual Studio Solution File, Format Version 12.00
# Visual Studio Version 16
VisualStudioVersion = 16.0.29709.97
MinimumVisualStudioVersion = 10.0.40219.1
Project("{FAE04EC0-301F-11D3-BF4B-00C04F79EFBC}") = "BookShopMng", "BookShopMng\BookShopMng.csproj", "{B7FAEE5D-0146-4492-A322-4CC65EA5FE12}"
EndProject
Global
	GlobalSection(SolutionConfigurationPlatforms) = preSolution
		Debug|Any CPU = Debug|Any CPU
		Release|Any CPU = Release|Any CPU
	EndGlobalSection
	GlobalSection(ProjectConfigurationPlatforms) = postSolution
		{B7FAEE5D-0146-4492-A322-4CC65EA5FE12}.Debug|Any CPU.ActiveCfg = Debug|Any CPU
		{B7FAEE5D-0146-4492-A322-4CC65EA5FE12}.Debug|Any CPU.Build.0 = Debug|Any CPU
		{B7FAEE5D-0146-4492-A322-4CC65EA5FE12}.Release|Any CPU.ActiveCfg = Release|Any CPU
		{B7FAEE5D-0146-4492-A322-4CC65EA5FE12}.Release|Any CPU.Build.0 = Release|Any CPU
	EndGlobalSection
	GlobalSection(SolutionProperties) = preSolution
		HideSolutionNode = FALSE
	EndGlobalSection
	GlobalSection(ExtensibilityGlobals) = postSolution
		SolutionGuid = {56E08344-E200-4686-9E47-E7BBD896AD90}
	EndGlobalSection
EndGlobal
